
Microsoft Visual Studio Solution File, Format Version 12.00
# Visual Studio Version 17
VisualStudioVersion = 17.0.31919.166
MinimumVisualStudioVersion = 10.0.40219.1
Project("{9A19103F-16F7-4668-BE54-9A1E7A4F7556}") = "BrowseArt-WinDesktop", "BrowseArt-WinDesktop\BrowseArt-WinDesktop.csproj", "{A3B4A308-E60D-4B1A-8D8D-6D9FCC2ADE3E}"
EndProject
Project("{9A19103F-16F7-4668-BE54-9A1E7A4F7556}") = "BrowseArt-API", "BrowseArt-API\BrowseArt-API.csproj", "{A685C309-4745-4E4B-8A0A-545207B35220}"
EndProject
Global
	GlobalSection(SolutionConfigurationPlatforms) = preSolution
		Debug|Any CPU = Debug|Any CPU
		Release|Any CPU = Release|Any CPU
	EndGlobalSection
	GlobalSection(ProjectConfigurationPlatforms) = postSolution
		{A3B4A308-E60D-4B1A-8D8D-6D9FCC2ADE3E}.Debug|Any CPU.ActiveCfg = Debug|Any CPU
		{A3B4A308-E60D-4B1A-8D8D-6D9FCC2ADE3E}.Debug|Any CPU.Build.0 = Debug|Any CPU
		{A3B4A308-E60D-4B1A-8D8D-6D9FCC2ADE3E}.Release|Any CPU.ActiveCfg = Release|Any CPU
		{A3B4A308-E60D-4B1A-8D8D-6D9FCC2ADE3E}.Release|Any CPU.Build.0 = Release|Any CPU
		{A685C309-4745-4E4B-8A0A-545207B35220}.Debug|Any CPU.ActiveCfg = Debug|Any CPU
		{A685C309-4745-4E4B-8A0A-545207B35220}.Debug|Any CPU.Build.0 = Debug|Any CPU
		{A685C309-4745-4E4B-8A0A-545207B35220}.Release|Any CPU.ActiveCfg = Release|Any CPU
		{A685C309-4745-4E4B-8A0A-545207B35220}.Release|Any CPU.Build.0 = Release|Any CPU
	EndGlobalSection
	GlobalSection(SolutionProperties) = preSolution
		HideSolutionNode = FALSE
	EndGlobalSection
	GlobalSection(ExtensibilityGlobals) = postSolution
		SolutionGuid = {D54D68F9-93A2-4A38-AEF2-52EEE0FA1290}
	EndGlobalSection
EndGlobal
